
Microsoft Visual Studio Solution File, Format Version 12.00
# Visual Studio Version 16
VisualStudioVersion = 16.0.30114.105
MinimumVisualStudioVersion = 10.0.40219.1
Project("{2150E333-8FDC-42A3-9474-1A3956D46DE8}") = "src", "src", "{C0384474-78D6-4F4D-A59A-AD36D32A4980}"
EndProject
Project("{FAE04EC0-301F-11D3-BF4B-00C04F79EFBC}") = "AluraChallengeBackend.Domain", "src\AluraChallengeBackend.Domain\AluraChallengeBackend.Domain.csproj", "{4DDDDACD-6450-4953-AC38-45C2C10B1431}"
EndProject
Project("{FAE04EC0-301F-11D3-BF4B-00C04F79EFBC}") = "AluraChallengeBackend.Data", "src\AluraChallengeBackend.Data\AluraChallengeBackend.Data.csproj", "{55FDE828-B8D0-48C5-A9F5-101C65FA5ADA}"
EndProject
Project("{FAE04EC0-301F-11D3-BF4B-00C04F79EFBC}") = "AluraChallengeBackend.Api", "src\AluraChallengeBackend.Api\AluraChallengeBackend.Api.csproj", "{7C746B9D-EF74-4EBC-9E97-7F4B7B224530}"
EndProject
Global
	GlobalSection(SolutionConfigurationPlatforms) = preSolution
		Debug|Any CPU = Debug|Any CPU
		Debug|x64 = Debug|x64
		Debug|x86 = Debug|x86
		Release|Any CPU = Release|Any CPU
		Release|x64 = Release|x64
		Release|x86 = Release|x86
	EndGlobalSection
	GlobalSection(SolutionProperties) = preSolution
		HideSolutionNode = FALSE
	EndGlobalSection
	GlobalSection(ProjectConfigurationPlatforms) = postSolution
		{4DDDDACD-6450-4953-AC38-45C2C10B1431}.Debug|Any CPU.ActiveCfg = Debug|Any CPU
		{4DDDDACD-6450-4953-AC38-45C2C10B1431}.Debug|Any CPU.Build.0 = Debug|Any CPU
		{4DDDDACD-6450-4953-AC38-45C2C10B1431}.Debug|x64.ActiveCfg = Debug|Any CPU
		{4DDDDACD-6450-4953-AC38-45C2C10B1431}.Debug|x64.Build.0 = Debug|Any CPU
		{4DDDDACD-6450-4953-AC38-45C2C10B1431}.Debug|x86.ActiveCfg = Debug|Any CPU
		{4DDDDACD-6450-4953-AC38-45C2C10B1431}.Debug|x86.Build.0 = Debug|Any CPU
		{4DDDDACD-6450-4953-AC38-45C2C10B1431}.Release|Any CPU.ActiveCfg = Release|Any CPU
		{4DDDDACD-6450-4953-AC38-45C2C10B1431}.Release|Any CPU.Build.0 = Release|Any CPU
		{4DDDDACD-6450-4953-AC38-45C2C10B1431}.Release|x64.ActiveCfg = Release|Any CPU
		{4DDDDACD-6450-4953-AC38-45C2C10B1431}.Release|x64.Build.0 = Release|Any CPU
		{4DDDDACD-6450-4953-AC38-45C2C10B1431}.Release|x86.ActiveCfg = Release|Any CPU
		{4DDDDACD-6450-4953-AC38-45C2C10B1431}.Release|x86.Build.0 = Release|Any CPU
		{55FDE828-B8D0-48C5-A9F5-101C65FA5ADA}.Debug|Any CPU.ActiveCfg = Debug|Any CPU
		{55FDE828-B8D0-48C5-A9F5-101C65FA5ADA}.Debug|Any CPU.Build.0 = Debug|Any CPU
		{55FDE828-B8D0-48C5-A9F5-101C65FA5ADA}.Debug|x64.ActiveCfg = Debug|Any CPU
		{55FDE828-B8D0-48C5-A9F5-101C65FA5ADA}.Debug|x64.Build.0 = Debug|Any CPU
		{55FDE828-B8D0-48C5-A9F5-101C65FA5ADA}.Debug|x86.ActiveCfg = Debug|Any CPU
		{55FDE828-B8D0-48C5-A9F5-101C65FA5ADA}.Debug|x86.Build.0 = Debug|Any CPU
		{55FDE828-B8D0-48C5-A9F5-101C65FA5ADA}.Release|Any CPU.ActiveCfg = Release|Any CPU
		{55FDE828-B8D0-48C5-A9F5-101C65FA5ADA}.Release|Any CPU.Build.0 = Release|Any CPU
		{55FDE828-B8D0-48C5-A9F5-101C65FA5ADA}.Release|x64.ActiveCfg = Release|Any CPU
		{55FDE828-B8D0-48C5-A9F5-101C65FA5ADA}.Release|x64.Build.0 = Release|Any CPU
		{55FDE828-B8D0-48C5-A9F5-101C65FA5ADA}.Release|x86.ActiveCfg = Release|Any CPU
		{55FDE828-B8D0-48C5-A9F5-101C65FA5ADA}.Release|x86.Build.0 = Release|Any CPU
		{7C746B9D-EF74-4EBC-9E97-7F4B7B224530}.Debug|Any CPU.ActiveCfg = Debug|Any CPU
		{7C746B9D-EF74-4EBC-9E97-7F4B7B224530}.Debug|Any CPU.Build.0 = Debug|Any CPU
		{7C746B9D-EF74-4EBC-9E97-7F4B7B224530}.Debug|x64.ActiveCfg = Debug|Any CPU
		{7C746B9D-EF74-4EBC-9E97-7F4B7B224530}.Debug|x64.Build.0 = Debug|Any CPU
		{7C746B9D-EF74-4EBC-9E97-7F4B7B224530}.Debug|x86.ActiveCfg = Debug|Any CPU
		{7C746B9D-EF74-4EBC-9E97-7F4B7B224530}.Debug|x86.Build.0 = Debug|Any CPU
		{7C746B9D-EF74-4EBC-9E97-7F4B7B224530}.Release|Any CPU.ActiveCfg = Release|Any CPU
		{7C746B9D-EF74-4EBC-9E97-7F4B7B224530}.Release|Any CPU.Build.0 = Release|Any CPU
		{7C746B9D-EF74-4EBC-9E97-7F4B7B224530}.Release|x64.ActiveCfg = Release|Any CPU
		{7C746B9D-EF74-4EBC-9E97-7F4B7B224530}.Release|x64.Build.0 = Release|Any CPU
		{7C746B9D-EF74-4EBC-9E97-7F4B7B224530}.Release|x86.ActiveCfg = Release|Any CPU
		{7C746B9D-EF74-4EBC-9E97-7F4B7B224530}.Release|x86.Build.0 = Release|Any CPU
	EndGlobalSection
	GlobalSection(NestedProjects) = preSolution
		{4DDDDACD-6450-4953-AC38-45C2C10B1431} = {C0384474-78D6-4F4D-A59A-AD36D32A4980}
		{55FDE828-B8D0-48C5-A9F5-101C65FA5ADA} = {C0384474-78D6-4F4D-A59A-AD36D32A4980}
		{7C746B9D-EF74-4EBC-9E97-7F4B7B224530} = {C0384474-78D6-4F4D-A59A-AD36D32A4980}
	EndGlobalSection
EndGlobal
